
Microsoft Visual Studio Solution File, Format Version 12.00
# Visual Studio Version 17
VisualStudioVersion = 17.4.33205.214
MinimumVisualStudioVersion = 10.0.40219.1
Project("{FAE04EC0-301F-11D3-BF4B-00C04F79EFBC}") = "FilmesApi", "FilmesApi\FilmesApi.csproj", "{5FE93449-67F4-45FE-85F1-FF32A58AF277}"
EndProject
Global
	GlobalSection(SolutionConfigurationPlatforms) = preSolution
		Debug|Any CPU = Debug|Any CPU
		Release|Any CPU = Release|Any CPU
	EndGlobalSection
	GlobalSection(ProjectConfigurationPlatforms) = postSolution
		{5FE93449-67F4-45FE-85F1-FF32A58AF277}.Debug|Any CPU.ActiveCfg = Debug|Any CPU
		{5FE93449-67F4-45FE-85F1-FF32A58AF277}.Debug|Any CPU.Build.0 = Debug|Any CPU
		{5FE93449-67F4-45FE-85F1-FF32A58AF277}.Release|Any CPU.ActiveCfg = Release|Any CPU
		{5FE93449-67F4-45FE-85F1-FF32A58AF277}.Release|Any CPU.Build.0 = Release|Any CPU
	EndGlobalSection
	GlobalSection(SolutionProperties) = preSolution
		HideSolutionNode = FALSE
	EndGlobalSection
	GlobalSection(ExtensibilityGlobals) = postSolution
		SolutionGuid = {D4E285EE-759F-49CD-BF44-4B48D30C9331}
	EndGlobalSection
EndGlobal
